
Microsoft Visual Studio Solution File, Format Version 12.00
# Visual Studio Version 16
VisualStudioVersion = 16.0.31205.134
MinimumVisualStudioVersion = 10.0.40219.1
Project("{FAE04EC0-301F-11D3-BF4B-00C04F79EFBC}") = "April28demo", "April28demo\April28demo.csproj", "{009EE158-A7E3-4A83-B39E-6AD84AA6841A}"
EndProject
Global
	GlobalSection(SolutionConfigurationPlatforms) = preSolution
		Debug|Any CPU = Debug|Any CPU
		Release|Any CPU = Release|Any CPU
	EndGlobalSection
	GlobalSection(ProjectConfigurationPlatforms) = postSolution
		{009EE158-A7E3-4A83-B39E-6AD84AA6841A}.Debug|Any CPU.ActiveCfg = Debug|Any CPU
		{009EE158-A7E3-4A83-B39E-6AD84AA6841A}.Debug|Any CPU.Build.0 = Debug|Any CPU
		{009EE158-A7E3-4A83-B39E-6AD84AA6841A}.Release|Any CPU.ActiveCfg = Release|Any CPU
		{009EE158-A7E3-4A83-B39E-6AD84AA6841A}.Release|Any CPU.Build.0 = Release|Any CPU
	EndGlobalSection
	GlobalSection(SolutionProperties) = preSolution
		HideSolutionNode = FALSE
	EndGlobalSection
	GlobalSection(ExtensibilityGlobals) = postSolution
		SolutionGuid = {922BCDCA-33BB-4DE0-822A-20841D5D387F}
	EndGlobalSection
EndGlobal
